
Microsoft Visual Studio Solution File, Format Version 11.00
# Visual Studio 2010
Project("{8BC9CEB8-8B4A-11D0-8D11-00A0C91BC942}") = "PSH5X", "PSH5X.vcxproj", "{057390A8-C6D7-4973-BFE9-0C5D0E3BC0FE}"
EndProject
Global
	GlobalSection(SolutionConfigurationPlatforms) = preSolution
		Debug|Win32 = Debug|Win32
		Debug|x64 = Debug|x64
		Release|Win32 = Release|Win32
		Release|x64 = Release|x64
	EndGlobalSection
	GlobalSection(ProjectConfigurationPlatforms) = postSolution
		{057390A8-C6D7-4973-BFE9-0C5D0E3BC0FE}.Debug|Win32.ActiveCfg = Debug|Win32
		{057390A8-C6D7-4973-BFE9-0C5D0E3BC0FE}.Debug|Win32.Build.0 = Debug|Win32
		{057390A8-C6D7-4973-BFE9-0C5D0E3BC0FE}.Debug|x64.ActiveCfg = Debug|x64
		{057390A8-C6D7-4973-BFE9-0C5D0E3BC0FE}.Debug|x64.Build.0 = Debug|x64
		{057390A8-C6D7-4973-BFE9-0C5D0E3BC0FE}.Release|Win32.ActiveCfg = Release|Win32
		{057390A8-C6D7-4973-BFE9-0C5D0E3BC0FE}.Release|Win32.Build.0 = Release|Win32
		{057390A8-C6D7-4973-BFE9-0C5D0E3BC0FE}.Release|x64.ActiveCfg = Release|x64
		{057390A8-C6D7-4973-BFE9-0C5D0E3BC0FE}.Release|x64.Build.0 = Release|x64
	EndGlobalSection
	GlobalSection(SolutionProperties) = preSolution
		HideSolutionNode = FALSE
	EndGlobalSection
EndGlobal
