<?xml version="1.0" encoding="utf-8"?>
<Project ToolsVersion="4.0" xmlns="http://schemas.microsoft.com/developer/msbuild/2003">
  <ItemGroup>
    <Filter Include="Source Files">
      <UniqueIdentifier>{4FC737F1-C7A5-4376-A066-2A32D752A2FF}</UniqueIdentifier>
      <Extensions>cpp;c;cc;cxx;def;odl;idl;hpj;bat;asm;asmx</Extensions>
    </Filter>
    <Filter Include="Header Files">
      <UniqueIdentifier>{93995380-89BD-4b04-88EB-625FBE52EBFB}</UniqueIdentifier>
      <Extensions>h;hpp;hxx;hm;inl;inc;xsd</Extensions>
    </Filter>
  </ItemGroup>
  <ItemGroup>
    <None Include="ReadMe.txt" />
  </ItemGroup>
  <ItemGroup>
    <ClCompile Include="src\AssemblyInfo.cpp">
      <Filter>Source Files</Filter>
    </ClCompile>
    <ClCompile Include="src\Snapin.cpp">
      <Filter>Source Files</Filter>
    </ClCompile>
    <ClCompile Include="src\TouchH5FileCommand.cpp">
      <Filter>Source Files</Filter>
    </ClCompile>
    <ClCompile Include="src\DriveInfo.cpp">
      <Filter>Source Files</Filter>
    </ClCompile>
    <ClCompile Include="src\ProviderUtils.cpp">
      <Filter>Source Files</Filter>
    </ClCompile>
    <ClCompile Include="src\Provider.cpp">
      <Filter>Source Files</Filter>
    </ClCompile>
    <ClCompile Include="src\CmdletProvider.cpp">
      <Filter>Source Files</Filter>
    </ClCompile>
    <ClCompile Include="src\ContainerCmdletProvider.cpp">
      <Filter>Source Files</Filter>
    </ClCompile>
    <ClCompile Include="src\DriveCmdletProvider.cpp">
      <Filter>Source Files</Filter>
    </ClCompile>
    <ClCompile Include="src\ItemCmdletProvider.cpp">
      <Filter>Source Files</Filter>
    </ClCompile>
    <ClCompile Include="src\DatasetInfo.cpp">
      <Filter>Source Files</Filter>
    </ClCompile>
    <ClCompile Include="src\NavigationCmdletProvider.cpp">
      <Filter>Source Files</Filter>
    </ClCompile>
    <ClCompile Include="src\IPropertyCmdletProvider.cpp">
      <Filter>Source Files</Filter>
    </ClCompile>
    <ClCompile Include="src\IDynamicPropertyCmdletProvider.cpp">
      <Filter>Source Files</Filter>
    </ClCompile>
    <ClCompile Include="src\ProviderUtils.Existential.cpp">
      <Filter>Source Files</Filter>
    </ClCompile>
    <ClCompile Include="src\ProviderUtils.H5Type.cpp">
      <Filter>Source Files</Filter>
    </ClCompile>
    <ClCompile Include="src\ProviderUtils.H5Attribute.cpp">
      <Filter>Source Files</Filter>
    </ClCompile>
    <ClCompile Include="src\ContainerCmdletProvider.NewItem.cpp">
      <Filter>Source Files</Filter>
    </ClCompile>
    <ClCompile Include="src\ObjectInfo.cpp">
      <Filter>Source Files</Filter>
    </ClCompile>
    <ClCompile Include="src\ObjectInfoLite.cpp">
      <Filter>Source Files</Filter>
    </ClCompile>
    <ClCompile Include="src\DatasetInfoLite.cpp">
      <Filter>Source Files</Filter>
    </ClCompile>
    <ClCompile Include="src\IContentCmdletProvider.cpp">
      <Filter>Source Files</Filter>
    </ClCompile>
    <ClCompile Include="src\LinkInfo.cpp">
      <Filter>Source Files</Filter>
    </ClCompile>
    <ClCompile Include="src\ContainerCmdletProvider.NewItemDynamicParameters.cpp">
      <Filter>Source Files</Filter>
    </ClCompile>
    <ClCompile Include="src\ShowH5TypesCommand.cpp">
      <Filter>Source Files</Filter>
    </ClCompile>
    <ClCompile Include="src\DatasetReader.cpp">
      <Filter>Source Files</Filter>
    </ClCompile>
    <ClCompile Include="src\ItemCmdletProvider.SetItem.cpp">
      <Filter>Source Files</Filter>
    </ClCompile>
    <ClCompile Include="src\DatasetWriter.cpp">
      <Filter>Source Files</Filter>
    </ClCompile>
  </ItemGroup>
  <ItemGroup>
    <ClInclude Include="include\Snapin.h">
      <Filter>Header Files</Filter>
    </ClInclude>
    <ClInclude Include="include\TouchH5FileCommand.h">
      <Filter>Header Files</Filter>
    </ClInclude>
    <ClInclude Include="include\ItemInfo.h">
      <Filter>Header Files</Filter>
    </ClInclude>
    <ClInclude Include="include\ObjectInfo.h">
      <Filter>Header Files</Filter>
    </ClInclude>
    <ClInclude Include="include\Provider.h">
      <Filter>Header Files</Filter>
    </ClInclude>
    <ClInclude Include="include\ProviderUtils.h">
      <Filter>Header Files</Filter>
    </ClInclude>
    <ClInclude Include="include\DriveInfo.h">
      <Filter>Header Files</Filter>
    </ClInclude>
    <ClInclude Include="include\GroupInfo.h">
      <Filter>Header Files</Filter>
    </ClInclude>
    <ClInclude Include="include\LinkInfo.h">
      <Filter>Header Files</Filter>
    </ClInclude>
    <ClInclude Include="include\DatasetInfo.h">
      <Filter>Header Files</Filter>
    </ClInclude>
    <ClInclude Include="include\DatatypeInfo.h">
      <Filter>Header Files</Filter>
    </ClInclude>
    <ClInclude Include="include\DataspaceInfo.h">
      <Filter>Header Files</Filter>
    </ClInclude>
    <ClInclude Include="include\AttributeInfo.h">
      <Filter>Header Files</Filter>
    </ClInclude>
    <ClInclude Include="include\ObjectInfoLite.h">
      <Filter>Header Files</Filter>
    </ClInclude>
    <ClInclude Include="include\GroupInfoLite.h">
      <Filter>Header Files</Filter>
    </ClInclude>
    <ClInclude Include="include\DatasetInfoLite.h">
      <Filter>Header Files</Filter>
    </ClInclude>
    <ClInclude Include="include\DatasetReader.h">
      <Filter>Header Files</Filter>
    </ClInclude>
    <ClInclude Include="include\ShowH5TypesCommand.h">
      <Filter>Header Files</Filter>
    </ClInclude>
    <ClInclude Include="include\DatasetWriter.h">
      <Filter>Header Files</Filter>
    </ClInclude>
  </ItemGroup>
</Project>